{
  "name": "@braedencrankd/alpine-motion",
  "version": "0.2.1",
  "lockfileVersion": 2,
  "requires": true,
  "packages": {
    "": {
      "name": "@braedencrankd/alpine-motion",
      "version": "0.2.1",
      "license": "ISC",
      "dependencies": {
        "motion": "^11.17.0"
      }
    },
    "node_modules/framer-motion": {
      "version": "11.17.0",
      "resolved": "https://registry.npmjs.org/framer-motion/-/framer-motion-11.17.0.tgz",
      "integrity": "sha512-uTNLH9JPMD3ad14WBt3KYRTR+If4tGPLgKTKTIIPaEBMkvazs6EkWNcmCh65qA/tyinOqIbQiuCorXX0qQsNoQ==",
      "license": "MIT",
      "dependencies": {
        "motion-dom": "^11.16.4",
        "motion-utils": "^11.16.0",
        "tslib": "^2.4.0"
      },
      "peerDependencies": {
        "@emotion/is-prop-valid": "*",
        "react": "^18.0.0 || ^19.0.0",
        "react-dom": "^18.0.0 || ^19.0.0"
      },
      "peerDependenciesMeta": {
        "@emotion/is-prop-valid": {
          "optional": true
        },
        "react": {
          "optional": true
        },
        "react-dom": {
          "optional": true
        }
      }
    },
    "node_modules/motion": {
      "version": "11.17.0",
      "resolved": "https://registry.npmjs.org/motion/-/motion-11.17.0.tgz",
      "integrity": "sha512-mWZhIOWH2slNXPUWhr6cEu98bl9NMX7u9r7vdNI+Bm3/jrOEa3e44GmyUuwXr9hWR+rWII27YTnKb6CDD1vU2g==",
      "license": "MIT",
      "dependencies": {
        "framer-motion": "^11.17.0",
        "tslib": "^2.4.0"
      },
      "peerDependencies": {
        "@emotion/is-prop-valid": "*",
        "react": "^18.0.0 || ^19.0.0",
        "react-dom": "^18.0.0 || ^19.0.0"
      },
      "peerDependenciesMeta": {
        "@emotion/is-prop-valid": {
          "optional": true
        },
        "react": {
          "optional": true
        },
        "react-dom": {
          "optional": true
        }
      }
    },
    "node_modules/motion-dom": {
      "version": "11.16.4",
      "resolved": "https://registry.npmjs.org/motion-dom/-/motion-dom-11.16.4.tgz",
      "integrity": "sha512-2wuCie206pCiP2K23uvwJeci4pMFfyQKpWI0Vy6HrCTDzDCer4TsYtT7IVnuGbDeoIV37UuZiUr6SZMHEc1Vww==",
      "license": "MIT",
      "dependencies": {
        "motion-utils": "^11.16.0"
      }
    },
    "node_modules/motion-utils": {
      "version": "11.16.0",
      "resolved": "https://registry.npmjs.org/motion-utils/-/motion-utils-11.16.0.tgz",
      "integrity": "sha512-ngdWPjg31rD4WGXFi0eZ00DQQqKKu04QExyv/ymlC+3k+WIgYVFbt6gS5JsFPbJODTF/r8XiE/X+SsoT9c0ocw==",
      "license": "MIT"
    },
    "node_modules/tslib": {
      "version": "2.8.1",
      "resolved": "https://registry.npmjs.org/tslib/-/tslib-2.8.1.tgz",
      "integrity": "sha512-oJFu94HQb+KVduSUQL7wnpmqnfmLsOA/nAh6b6EH0wCEoK0/mPeXU6c3wKDV83MkOuHPRHtSXKKU99IBazS/2w==",
      "license": "0BSD"
    }
  },
  "dependencies": {
    "framer-motion": {
      "version": "11.17.0",
      "resolved": "https://registry.npmjs.org/framer-motion/-/framer-motion-11.17.0.tgz",
      "integrity": "sha512-uTNLH9JPMD3ad14WBt3KYRTR+If4tGPLgKTKTIIPaEBMkvazs6EkWNcmCh65qA/tyinOqIbQiuCorXX0qQsNoQ==",
      "requires": {
        "motion-dom": "^11.16.4",
        "motion-utils": "^11.16.0",
        "tslib": "^2.4.0"
      }
    },
    "motion": {
      "version": "11.17.0",
      "resolved": "https://registry.npmjs.org/motion/-/motion-11.17.0.tgz",
      "integrity": "sha512-mWZhIOWH2slNXPUWhr6cEu98bl9NMX7u9r7vdNI+Bm3/jrOEa3e44GmyUuwXr9hWR+rWII27YTnKb6CDD1vU2g==",
      "requires": {
        "framer-motion": "^11.17.0",
        "tslib": "^2.4.0"
      }
    },
    "motion-dom": {
      "version": "11.16.4",
      "resolved": "https://registry.npmjs.org/motion-dom/-/motion-dom-11.16.4.tgz",
      "integrity": "sha512-2wuCie206pCiP2K23uvwJeci4pMFfyQKpWI0Vy6HrCTDzDCer4TsYtT7IVnuGbDeoIV37UuZiUr6SZMHEc1Vww==",
      "requires": {
        "motion-utils": "^11.16.0"
      }
    },
    "motion-utils": {
      "version": "11.16.0",
      "resolved": "https://registry.npmjs.org/motion-utils/-/motion-utils-11.16.0.tgz",
      "integrity": "sha512-ngdWPjg31rD4WGXFi0eZ00DQQqKKu04QExyv/ymlC+3k+WIgYVFbt6gS5JsFPbJODTF/r8XiE/X+SsoT9c0ocw=="
    },
    "tslib": {
      "version": "2.8.1",
      "resolved": "https://registry.npmjs.org/tslib/-/tslib-2.8.1.tgz",
      "integrity": "sha512-oJFu94HQb+KVduSUQL7wnpmqnfmLsOA/nAh6b6EH0wCEoK0/mPeXU6c3wKDV83MkOuHPRHtSXKKU99IBazS/2w=="
    }
  }
}
