{
  "name": "@braedencrankd/alpine-motion",
  "version": "0.1.4",
  "lockfileVersion": 2,
  "requires": true,
  "packages": {
    "": {
      "name": "@braedencrankd/alpine-motion",
      "version": "0.1.4",
      "license": "ISC",
      "dependencies": {
        "motion": "^10.18.0"
      }
    },
    "node_modules/@motionone/animation": {
      "version": "10.18.0",
      "resolved": "https://registry.npmjs.org/@motionone/animation/-/animation-10.18.0.tgz",
      "integrity": "sha512-9z2p5GFGCm0gBsZbi8rVMOAJCtw1WqBTIPw3ozk06gDvZInBPIsQcHgYogEJ4yuHJ+akuW8g1SEIOpTOvYs8hw==",
      "license": "MIT",
      "dependencies": {
        "@motionone/easing": "^10.18.0",
        "@motionone/types": "^10.17.1",
        "@motionone/utils": "^10.18.0",
        "tslib": "^2.3.1"
      }
    },
    "node_modules/@motionone/dom": {
      "version": "10.18.0",
      "resolved": "https://registry.npmjs.org/@motionone/dom/-/dom-10.18.0.tgz",
      "integrity": "sha512-bKLP7E0eyO4B2UaHBBN55tnppwRnaE3KFfh3Ps9HhnAkar3Cb69kUCJY9as8LrccVYKgHA+JY5dOQqJLOPhF5A==",
      "license": "MIT",
      "dependencies": {
        "@motionone/animation": "^10.18.0",
        "@motionone/generators": "^10.18.0",
        "@motionone/types": "^10.17.1",
        "@motionone/utils": "^10.18.0",
        "hey-listen": "^1.0.8",
        "tslib": "^2.3.1"
      }
    },
    "node_modules/@motionone/easing": {
      "version": "10.18.0",
      "resolved": "https://registry.npmjs.org/@motionone/easing/-/easing-10.18.0.tgz",
      "integrity": "sha512-VcjByo7XpdLS4o9T8t99JtgxkdMcNWD3yHU/n6CLEz3bkmKDRZyYQ/wmSf6daum8ZXqfUAgFeCZSpJZIMxaCzg==",
      "license": "MIT",
      "dependencies": {
        "@motionone/utils": "^10.18.0",
        "tslib": "^2.3.1"
      }
    },
    "node_modules/@motionone/generators": {
      "version": "10.18.0",
      "resolved": "https://registry.npmjs.org/@motionone/generators/-/generators-10.18.0.tgz",
      "integrity": "sha512-+qfkC2DtkDj4tHPu+AFKVfR/C30O1vYdvsGYaR13W/1cczPrrcjdvYCj0VLFuRMN+lP1xvpNZHCRNM4fBzn1jg==",
      "license": "MIT",
      "dependencies": {
        "@motionone/types": "^10.17.1",
        "@motionone/utils": "^10.18.0",
        "tslib": "^2.3.1"
      }
    },
    "node_modules/@motionone/types": {
      "version": "10.17.1",
      "resolved": "https://registry.npmjs.org/@motionone/types/-/types-10.17.1.tgz",
      "integrity": "sha512-KaC4kgiODDz8hswCrS0btrVrzyU2CSQKO7Ps90ibBVSQmjkrt2teqta6/sOG59v7+dPnKMAg13jyqtMKV2yJ7A==",
      "license": "MIT"
    },
    "node_modules/@motionone/utils": {
      "version": "10.18.0",
      "resolved": "https://registry.npmjs.org/@motionone/utils/-/utils-10.18.0.tgz",
      "integrity": "sha512-3XVF7sgyTSI2KWvTf6uLlBJ5iAgRgmvp3bpuOiQJvInd4nZ19ET8lX5unn30SlmRH7hXbBbH+Gxd0m0klJ3Xtw==",
      "license": "MIT",
      "dependencies": {
        "@motionone/types": "^10.17.1",
        "hey-listen": "^1.0.8",
        "tslib": "^2.3.1"
      }
    },
    "node_modules/hey-listen": {
      "version": "1.0.8",
      "resolved": "https://registry.npmjs.org/hey-listen/-/hey-listen-1.0.8.tgz",
      "integrity": "sha512-COpmrF2NOg4TBWUJ5UVyaCU2A88wEMkUPK4hNqyCkqHbxT92BbvfjoSozkAIIm6XhicGlJHhFdullInrdhwU8Q==",
      "license": "MIT"
    },
    "node_modules/motion": {
      "version": "10.18.0",
      "resolved": "https://registry.npmjs.org/motion/-/motion-10.18.0.tgz",
      "integrity": "sha512-MVAZZmwM/cp77BrNe1TxTMldxRPjwBNHheU5aPToqT4rJdZxLiADk58H+a0al5jKLxkB0OdgNq6DiVn11cjvIQ==",
      "license": "MIT",
      "dependencies": {
        "@motionone/animation": "^10.18.0",
        "@motionone/dom": "^10.18.0",
        "@motionone/types": "^10.17.1",
        "@motionone/utils": "^10.18.0"
      }
    },
    "node_modules/tslib": {
      "version": "2.8.1",
      "resolved": "https://registry.npmjs.org/tslib/-/tslib-2.8.1.tgz",
      "integrity": "sha512-oJFu94HQb+KVduSUQL7wnpmqnfmLsOA/nAh6b6EH0wCEoK0/mPeXU6c3wKDV83MkOuHPRHtSXKKU99IBazS/2w==",
      "license": "0BSD"
    }
  },
  "dependencies": {
    "@motionone/animation": {
      "version": "10.18.0",
      "resolved": "https://registry.npmjs.org/@motionone/animation/-/animation-10.18.0.tgz",
      "integrity": "sha512-9z2p5GFGCm0gBsZbi8rVMOAJCtw1WqBTIPw3ozk06gDvZInBPIsQcHgYogEJ4yuHJ+akuW8g1SEIOpTOvYs8hw==",
      "requires": {
        "@motionone/easing": "^10.18.0",
        "@motionone/types": "^10.17.1",
        "@motionone/utils": "^10.18.0",
        "tslib": "^2.3.1"
      }
    },
    "@motionone/dom": {
      "version": "10.18.0",
      "resolved": "https://registry.npmjs.org/@motionone/dom/-/dom-10.18.0.tgz",
      "integrity": "sha512-bKLP7E0eyO4B2UaHBBN55tnppwRnaE3KFfh3Ps9HhnAkar3Cb69kUCJY9as8LrccVYKgHA+JY5dOQqJLOPhF5A==",
      "requires": {
        "@motionone/animation": "^10.18.0",
        "@motionone/generators": "^10.18.0",
        "@motionone/types": "^10.17.1",
        "@motionone/utils": "^10.18.0",
        "hey-listen": "^1.0.8",
        "tslib": "^2.3.1"
      }
    },
    "@motionone/easing": {
      "version": "10.18.0",
      "resolved": "https://registry.npmjs.org/@motionone/easing/-/easing-10.18.0.tgz",
      "integrity": "sha512-VcjByo7XpdLS4o9T8t99JtgxkdMcNWD3yHU/n6CLEz3bkmKDRZyYQ/wmSf6daum8ZXqfUAgFeCZSpJZIMxaCzg==",
      "requires": {
        "@motionone/utils": "^10.18.0",
        "tslib": "^2.3.1"
      }
    },
    "@motionone/generators": {
      "version": "10.18.0",
      "resolved": "https://registry.npmjs.org/@motionone/generators/-/generators-10.18.0.tgz",
      "integrity": "sha512-+qfkC2DtkDj4tHPu+AFKVfR/C30O1vYdvsGYaR13W/1cczPrrcjdvYCj0VLFuRMN+lP1xvpNZHCRNM4fBzn1jg==",
      "requires": {
        "@motionone/types": "^10.17.1",
        "@motionone/utils": "^10.18.0",
        "tslib": "^2.3.1"
      }
    },
    "@motionone/types": {
      "version": "10.17.1",
      "resolved": "https://registry.npmjs.org/@motionone/types/-/types-10.17.1.tgz",
      "integrity": "sha512-KaC4kgiODDz8hswCrS0btrVrzyU2CSQKO7Ps90ibBVSQmjkrt2teqta6/sOG59v7+dPnKMAg13jyqtMKV2yJ7A=="
    },
    "@motionone/utils": {
      "version": "10.18.0",
      "resolved": "https://registry.npmjs.org/@motionone/utils/-/utils-10.18.0.tgz",
      "integrity": "sha512-3XVF7sgyTSI2KWvTf6uLlBJ5iAgRgmvp3bpuOiQJvInd4nZ19ET8lX5unn30SlmRH7hXbBbH+Gxd0m0klJ3Xtw==",
      "requires": {
        "@motionone/types": "^10.17.1",
        "hey-listen": "^1.0.8",
        "tslib": "^2.3.1"
      }
    },
    "hey-listen": {
      "version": "1.0.8",
      "resolved": "https://registry.npmjs.org/hey-listen/-/hey-listen-1.0.8.tgz",
      "integrity": "sha512-COpmrF2NOg4TBWUJ5UVyaCU2A88wEMkUPK4hNqyCkqHbxT92BbvfjoSozkAIIm6XhicGlJHhFdullInrdhwU8Q=="
    },
    "motion": {
      "version": "10.18.0",
      "resolved": "https://registry.npmjs.org/motion/-/motion-10.18.0.tgz",
      "integrity": "sha512-MVAZZmwM/cp77BrNe1TxTMldxRPjwBNHheU5aPToqT4rJdZxLiADk58H+a0al5jKLxkB0OdgNq6DiVn11cjvIQ==",
      "requires": {
        "@motionone/animation": "^10.18.0",
        "@motionone/dom": "^10.18.0",
        "@motionone/types": "^10.17.1",
        "@motionone/utils": "^10.18.0"
      }
    },
    "tslib": {
      "version": "2.8.1",
      "resolved": "https://registry.npmjs.org/tslib/-/tslib-2.8.1.tgz",
      "integrity": "sha512-oJFu94HQb+KVduSUQL7wnpmqnfmLsOA/nAh6b6EH0wCEoK0/mPeXU6c3wKDV83MkOuHPRHtSXKKU99IBazS/2w=="
    }
  }
}
